
Microsoft Visual Studio Solution File, Format Version 12.00
# Visual Studio Version 16
VisualStudioVersion = 16.0.29709.97
MinimumVisualStudioVersion = 10.0.40219.1
Project("{FAE04EC0-301F-11D3-BF4B-00C04F79EFBC}") = "ElectricKettle", "ElectricKettle\ElectricKettle.csproj", "{A1B6C022-0D42-45A4-8B42-A8AC83A3066C}"
EndProject
Project("{2150E333-8FDC-42A3-9474-1A3956D46DE8}") = "Solution Items", "Solution Items", "{0661DDE3-0300-4EE5-B705-4EFED7621E4D}"
	ProjectSection(SolutionItems) = preProject
		.editorconfig = .editorconfig
	EndProjectSection
EndProject
Global
	GlobalSection(SolutionConfigurationPlatforms) = preSolution
		Debug|Any CPU = Debug|Any CPU
		Release|Any CPU = Release|Any CPU
	EndGlobalSection
	GlobalSection(ProjectConfigurationPlatforms) = postSolution
		{A1B6C022-0D42-45A4-8B42-A8AC83A3066C}.Debug|Any CPU.ActiveCfg = Debug|Any CPU
		{A1B6C022-0D42-45A4-8B42-A8AC83A3066C}.Debug|Any CPU.Build.0 = Debug|Any CPU
		{A1B6C022-0D42-45A4-8B42-A8AC83A3066C}.Release|Any CPU.ActiveCfg = Release|Any CPU
		{A1B6C022-0D42-45A4-8B42-A8AC83A3066C}.Release|Any CPU.Build.0 = Release|Any CPU
	EndGlobalSection
	GlobalSection(SolutionProperties) = preSolution
		HideSolutionNode = FALSE
	EndGlobalSection
	GlobalSection(ExtensibilityGlobals) = postSolution
		SolutionGuid = {D0680354-A96A-4774-97C4-C1FF37364BD5}
	EndGlobalSection
EndGlobal
